
Microsoft Visual Studio Solution File, Format Version 12.00
# Visual Studio 14
VisualStudioVersion = 14.0.24720.0
MinimumVisualStudioVersion = 10.0.40219.1
Project("{FAE04EC0-301F-11D3-BF4B-00C04F79EFBC}") = "exersice12f", "exersice12\exersice12f.csproj", "{76C30753-F118-4C74-B86D-9D3C94C0B330}"
EndProject
Global
	GlobalSection(SolutionConfigurationPlatforms) = preSolution
		Debug|Any CPU = Debug|Any CPU
		Release|Any CPU = Release|Any CPU
	EndGlobalSection
	GlobalSection(ProjectConfigurationPlatforms) = postSolution
		{76C30753-F118-4C74-B86D-9D3C94C0B330}.Debug|Any CPU.ActiveCfg = Debug|Any CPU
		{76C30753-F118-4C74-B86D-9D3C94C0B330}.Debug|Any CPU.Build.0 = Debug|Any CPU
		{76C30753-F118-4C74-B86D-9D3C94C0B330}.Release|Any CPU.ActiveCfg = Release|Any CPU
		{76C30753-F118-4C74-B86D-9D3C94C0B330}.Release|Any CPU.Build.0 = Release|Any CPU
	EndGlobalSection
	GlobalSection(SolutionProperties) = preSolution
		HideSolutionNode = FALSE
	EndGlobalSection
EndGlobal
